
Microsoft Visual Studio Solution File, Format Version 12.00
# Visual Studio Version 17
VisualStudioVersion = 17.0.31717.71
MinimumVisualStudioVersion = 10.0.40219.1
Project("{9A19103F-16F7-4668-BE54-9A1E7A4F7556}") = "WebMudBlazor", "WebMudBlazor.csproj", "{DFE2C684-5185-43D0-9744-751ABFCF7939}"
EndProject
Global
	GlobalSection(SolutionConfigurationPlatforms) = preSolution
		Debug|Any CPU = Debug|Any CPU
		Release|Any CPU = Release|Any CPU
	EndGlobalSection
	GlobalSection(ProjectConfigurationPlatforms) = postSolution
		{DFE2C684-5185-43D0-9744-751ABFCF7939}.Debug|Any CPU.ActiveCfg = Debug|Any CPU
		{DFE2C684-5185-43D0-9744-751ABFCF7939}.Debug|Any CPU.Build.0 = Debug|Any CPU
		{DFE2C684-5185-43D0-9744-751ABFCF7939}.Release|Any CPU.ActiveCfg = Release|Any CPU
		{DFE2C684-5185-43D0-9744-751ABFCF7939}.Release|Any CPU.Build.0 = Release|Any CPU
	EndGlobalSection
	GlobalSection(SolutionProperties) = preSolution
		HideSolutionNode = FALSE
	EndGlobalSection
	GlobalSection(ExtensibilityGlobals) = postSolution
		SolutionGuid = {11AD2D69-C9CD-478B-B3B0-1059F0A828B3}
	EndGlobalSection
EndGlobal